{
  "version": "5",
  "remote": {
    "https://edge.netlify.com/": "fd941d61d88673d5f28aab283fb86fcc50f08a3bc80ee5470498fcfa88c65cfb",
    "https://edge.netlify.com/bootstrap/config.ts": "6a2ce0e544e15e8f8883a5c18da5948e37fd0f2619f68cb31f3af53c51817025",
    "https://edge.netlify.com/bootstrap/context.ts": "e97240232121e2f369f6546ce961490f34d961ea1ea54be3ff09633e3f08373f",
    "https://edge.netlify.com/bootstrap/cookie.ts": "8b0baae708989ca183c6f3b4ab3d029e6abcbc2e43f93edeb0ff447b3bbc3a05",
    "https://edge.netlify.com/bootstrap/edge_function.ts": "b8253e86aa83c67341f5cfedeba5049d77fbf84dcab7eceff7566b7728ae9b39",
    "https://edge.netlify.com/bootstrap/globals/types.ts": "eaa6148ded3121d8dee62dd91c86e7fe76601df0f3ca8d7962243a30f4c8935f"
  },
  "workspace": {
    "packageJson": {
      "dependencies": [
        "npm:@ai-sdk/react@^3.0.146",
        "npm:@base-ui/react@^1.3.0",
        "npm:@content-collections/core@~0.13.1",
        "npm:@content-collections/vite@~0.2.8",
        "npm:@hookform/resolvers@^5.2.2",
        "npm:@neondatabase/serverless@^1.0.2",
        "npm:@netlify/functions@^5.1.5",
        "npm:@openrouter/ai-sdk-provider@^2.3.3",
        "npm:@puckeditor/core@~0.21.2",
        "npm:@radix-ui/react-checkbox@^1.2.2",
        "npm:@radix-ui/react-hover-card@^1.1.10",
        "npm:@radix-ui/react-separator@^1.1.4",
        "npm:@radix-ui/react-slot@^1.2.0",
        "npm:@radix-ui/react-use-controllable-state@^1.2.2",
        "npm:@rive-app/react-webgl2@^4.27.3",
        "npm:@streamdown/cjk@^1.0.3",
        "npm:@streamdown/code@^1.1.1",
        "npm:@streamdown/math@^1.0.2",
        "npm:@streamdown/mermaid@^1.0.2",
        "npm:@tailwindcss/typography@~0.5.16",
        "npm:@tailwindcss/vite@^4.1.18",
        "npm:@tanstack/ai-anthropic@latest",
        "npm:@tanstack/ai-client@latest",
        "npm:@tanstack/ai-gemini@latest",
        "npm:@tanstack/ai-ollama@latest",
        "npm:@tanstack/ai-openai@latest",
        "npm:@tanstack/ai-react@latest",
        "npm:@tanstack/ai@latest",
        "npm:@tanstack/devtools-vite@latest",
        "npm:@tanstack/eslint-config@latest",
        "npm:@tanstack/query-db-collection@latest",
        "npm:@tanstack/react-db@latest",
        "npm:@tanstack/react-devtools@latest",
        "npm:@tanstack/react-query-devtools@latest",
        "npm:@tanstack/react-query@latest",
        "npm:@tanstack/react-router-devtools@latest",
        "npm:@tanstack/react-router-ssr-query@latest",
        "npm:@tanstack/react-router@latest",
        "npm:@tanstack/react-start@latest",
        "npm:@tanstack/router-plugin@^1.132.0",
        "npm:@tanstack/store@latest",
        "npm:@testing-library/dom@^10.4.1",
        "npm:@testing-library/react@^16.3.0",
        "npm:@types/bcryptjs@^2.4.6",
        "npm:@types/jsonwebtoken@^9.0.10",
        "npm:@types/node@^22.10.2",
        "npm:@types/pg@^8.15.6",
        "npm:@types/react-dom@^19.2.0",
        "npm:@types/react@^19.2.0",
        "npm:@vitejs/plugin-react@^5.1.4",
        "npm:@xyflow/react@^12.10.2",
        "npm:ai@^6.0.144",
        "npm:ansi-to-react@^6.2.6",
        "npm:bcryptjs@^3.0.3",
        "npm:class-variance-authority@~0.7.1",
        "npm:clsx@^2.1.1",
        "npm:cmdk@^1.1.1",
        "npm:cookie@^1.1.1",
        "npm:date-fns@^4.1.0",
        "npm:dotenv@^17.3.1",
        "npm:drizzle-kit@~0.31.9",
        "npm:drizzle-orm@~0.45.1",
        "npm:embla-carousel-react@^8.6.0",
        "npm:input-otp@^1.4.2",
        "npm:jsdom@^28.1.0",
        "npm:jsonwebtoken@^9.0.3",
        "npm:lucide-react@0.577",
        "npm:marked@^15.0.8",
        "npm:media-chrome@^4.18.3",
        "npm:motion@^12.38.0",
        "npm:nanoid@^5.1.7",
        "npm:next-themes@~0.4.6",
        "npm:pg@^8.16.3",
        "npm:prettier@^3.8.1",
        "npm:radix-ui@^1.4.3",
        "npm:react-day-picker@^9.14.0",
        "npm:react-dom@^19.2.0",
        "npm:react-hook-form@^7.72.0",
        "npm:react-jsx-parser@^2.4.1",
        "npm:react-resizable-panels@^4.9.0",
        "npm:react@^19.2.0",
        "npm:recharts@^3.8.0",
        "npm:shiki@^4.0.2",
        "npm:sonner@^2.0.7",
        "npm:streamdown@^2.5.0",
        "npm:tailwind-merge@^3.0.2",
        "npm:tailwindcss-animate@^1.0.7",
        "npm:tailwindcss@^4.1.18",
        "npm:tokenlens@^1.3.1",
        "npm:tsx@^4.21.0",
        "npm:tw-animate-css@^1.3.6",
        "npm:typescript@^5.7.2",
        "npm:use-stick-to-bottom@^1.1.3",
        "npm:vaul@^1.1.2",
        "npm:vite-plugin-neon-new@0.8",
        "npm:vite-tsconfig-paths@^5.1.4",
        "npm:vite@^7.3.1",
        "npm:vitest@^3.0.5",
        "npm:zod@^4.3.6"
      ]
    }
  }
}
